// !$*UTF8*$!
{
	archiveVersion = 1;
	classes = {
	};
	objectVersion = 50;
	objects = {

/* Begin PBXBuildFile section */
		8008DB3B26D808DA004A3C3A /* AppDelegate.swift in Sources */ = {isa = PBXBuildFile; fileRef = 8008DB3A26D808DA004A3C3A /* AppDelegate.swift */; };
		8008DB3D26D808DA004A3C3A /* SceneDelegate.swift in Sources */ = {isa = PBXBuildFile; fileRef = 8008DB3C26D808DA004A3C3A /* SceneDelegate.swift */; };
		8008DB3F26D808DA004A3C3A /* WelcomeVC.swift in Sources */ = {isa = PBXBuildFile; fileRef = 8008DB3E26D808DA004A3C3A /* WelcomeVC.swift */; };
		8008DB4226D808DA004A3C3A /* Main.storyboard in Resources */ = {isa = PBXBuildFile; fileRef = 8008DB4026D808DA004A3C3A /* Main.storyboard */; };
		8008DB4426D808DD004A3C3A /* Assets.xcassets in Resources */ = {isa = PBXBuildFile; fileRef = 8008DB4326D808DD004A3C3A /* Assets.xcassets */; };
		8008DB4726D808DD004A3C3A /* LaunchScreen.storyboard in Resources */ = {isa = PBXBuildFile; fileRef = 8008DB4526D808DD004A3C3A /* LaunchScreen.storyboard */; };
		8008DB5226D808DD004A3C3A /* Cool_CarsTests.swift in Sources */ = {isa = PBXBuildFile; fileRef = 8008DB5126D808DD004A3C3A /* Cool_CarsTests.swift */; };
		8008DB5D26D808DD004A3C3A /* Cool_CarsUITests.swift in Sources */ = {isa = PBXBuildFile; fileRef = 8008DB5C26D808DD004A3C3A /* Cool_CarsUITests.swift */; };
		80D9845026D960FD00859476 /* DetailVC.swift in Sources */ = {isa = PBXBuildFile; fileRef = 80D9844F26D960FD00859476 /* DetailVC.swift */; };
		80D9845226D96D0B00859476 /* Car.swift in Sources */ = {isa = PBXBuildFile; fileRef = 80D9845126D96D0B00859476 /* Car.swift */; };
/* End PBXBuildFile section */

/* Begin PBXContainerItemProxy section */
		8008DB4E26D808DD004A3C3A /* PBXContainerItemProxy */ = {
			isa = PBXContainerItemProxy;
			containerPortal = 8008DB2F26D808DA004A3C3A /* Project object */;
			proxyType = 1;
			remoteGlobalIDString = 8008DB3626D808DA004A3C3A;
			remoteInfo = Cool_Cars;
		};
		8008DB5926D808DD004A3C3A /* PBXContainerItemProxy */ = {
			isa = PBXContainerItemProxy;
			containerPortal = 8008DB2F26D808DA004A3C3A /* Project object */;
			proxyType = 1;
			remoteGlobalIDString = 8008DB3626D808DA004A3C3A;
			remoteInfo = Cool_Cars;
		};
/* End PBXContainerItemProxy section */

/* Begin PBXFileReference section */
		8008DB3726D808DA004A3C3A /* Cool_Cars.app */ = {isa = PBXFileReference; explicitFileType = wrapper.application; includeInIndex = 0; path = Cool_Cars.app; sourceTree = BUILT_PRODUCTS_DIR; };
		8008DB3A26D808DA004A3C3A /* AppDelegate.swift */ = {isa = PBXFileReference; lastKnownFileType = sourcecode.swift; path = AppDelegate.swift; sourceTree = "<group>"; };
		8008DB3C26D808DA004A3C3A /* SceneDelegate.swift */ = {isa = PBXFileReference; lastKnownFileType = sourcecode.swift; path = SceneDelegate.swift; sourceTree = "<group>"; };
		8008DB3E26D808DA004A3C3A /* WelcomeVC.swift */ = {isa = PBXFileReference; lastKnownFileType = sourcecode.swift; path = WelcomeVC.swift; sourceTree = "<group>"; };
		8008DB4126D808DA004A3C3A /* Base */ = {isa = PBXFileReference; lastKnownFileType = file.storyboard; name = Base; path = Base.lproj/Main.storyboard; sourceTree = "<group>"; };
		8008DB4326D808DD004A3C3A /* Assets.xcassets */ = {isa = PBXFileReference; lastKnownFileType = folder.assetcatalog; path = Assets.xcassets; sourceTree = "<group>"; };
		8008DB4626D808DD004A3C3A /* Base */ = {isa = PBXFileReference; lastKnownFileType = file.storyboard; name = Base; path = Base.lproj/LaunchScreen.storyboard; sourceTree = "<group>"; };
		8008DB4826D808DD004A3C3A /* Info.plist */ = {isa = PBXFileReference; lastKnownFileType = text.plist.xml; path = Info.plist; sourceTree = "<group>"; };
		8008DB4D26D808DD004A3C3A /* Cool_CarsTests.xctest */ = {isa = PBXFileReference; explicitFileType = wrapper.cfbundle; includeInIndex = 0; path = Cool_CarsTests.xctest; sourceTree = BUILT_PRODUCTS_DIR; };
		8008DB5126D808DD004A3C3A /* Cool_CarsTests.swift */ = {isa = PBXFileReference; lastKnownFileType = sourcecode.swift; path = Cool_CarsTests.swift; sourceTree = "<group>"; };
		8008DB5326D808DD004A3C3A /* Info.plist */ = {isa = PBXFileReference; lastKnownFileType = text.plist.xml; path = Info.plist; sourceTree = "<group>"; };
		8008DB5826D808DD004A3C3A /* Cool_CarsUITests.xctest */ = {isa = PBXFileReference; explicitFileType = wrapper.cfbundle; includeInIndex = 0; path = Cool_CarsUITests.xctest; sourceTree = BUILT_PRODUCTS_DIR; };
		8008DB5C26D808DD004A3C3A /* Cool_CarsUITests.swift */ = {isa = PBXFileReference; lastKnownFileType = sourcecode.swift; path = Cool_CarsUITests.swift; sourceTree = "<group>"; };
		8008DB5E26D808DD004A3C3A /* Info.plist */ = {isa = PBXFileReference; lastKnownFileType = text.plist.xml; path = Info.plist; sourceTree = "<group>"; };
		80D9844F26D960FD00859476 /* DetailVC.swift */ = {isa = PBXFileReference; lastKnownFileType = sourcecode.swift; path = DetailVC.swift; sourceTree = "<group>"; };
		80D9845126D96D0B00859476 /* Car.swift */ = {isa = PBXFileReference; lastKnownFileType = sourcecode.swift; path = Car.swift; sourceTree = "<group>"; };
/* End PBXFileReference section */

/* Begin PBXFrameworksBuildPhase section */
		8008DB3426D808DA004A3C3A /* Frameworks */ = {
			isa = PBXFrameworksBuildPhase;
			buildActionMask = 2147483647;
			files = (
			);
			runOnlyForDeploymentPostprocessing = 0;
		};
		8008DB4A26D808DD004A3C3A /* Frameworks */ = {
			isa = PBXFrameworksBuildPhase;
			buildActionMask = 2147483647;
			files = (
			);
			runOnlyForDeploymentPostprocessing = 0;
		};
		8008DB5526D808DD004A3C3A /* Frameworks */ = {
			isa = PBXFrameworksBuildPhase;
			buildActionMask = 2147483647;
			files = (
			);
			runOnlyForDeploymentPostprocessing = 0;
		};
/* End PBXFrameworksBuildPhase section */

/* Begin PBXGroup section */
		8008DB2E26D808DA004A3C3A = {
			isa = PBXGroup;
			children = (
				8008DB3926D808DA004A3C3A /* Cool_Cars */,
				8008DB5026D808DD004A3C3A /* Cool_CarsTests */,
				8008DB5B26D808DD004A3C3A /* Cool_CarsUITests */,
				8008DB3826D808DA004A3C3A /* Products */,
			);
			sourceTree = "<group>";
		};
		8008DB3826D808DA004A3C3A /* Products */ = {
			isa = PBXGroup;
			children = (
				8008DB3726D808DA004A3C3A /* Cool_Cars.app */,
				8008DB4D26D808DD004A3C3A /* Cool_CarsTests.xctest */,
				8008DB5826D808DD004A3C3A /* Cool_CarsUITests.xctest */,
			);
			name = Products;
			sourceTree = "<group>";
		};
		8008DB3926D808DA004A3C3A /* Cool_Cars */ = {
			isa = PBXGroup;
			children = (
				8042ED3626D95F930034FE3B /* Model */,
				8042ED3526D95F8D0034FE3B /* Controller */,
				8042ED3426D95F860034FE3B /* View */,
				8008DB3A26D808DA004A3C3A /* AppDelegate.swift */,
				8008DB3C26D808DA004A3C3A /* SceneDelegate.swift */,
				8008DB4026D808DA004A3C3A /* Main.storyboard */,
				8008DB4326D808DD004A3C3A /* Assets.xcassets */,
				8008DB4526D808DD004A3C3A /* LaunchScreen.storyboard */,
				8008DB4826D808DD004A3C3A /* Info.plist */,
			);
			path = Cool_Cars;
			sourceTree = "<group>";
		};
		8008DB5026D808DD004A3C3A /* Cool_CarsTests */ = {
			isa = PBXGroup;
			children = (
				8008DB5126D808DD004A3C3A /* Cool_CarsTests.swift */,
				8008DB5326D808DD004A3C3A /* Info.plist */,
			);
			path = Cool_CarsTests;
			sourceTree = "<group>";
		};
		8008DB5B26D808DD004A3C3A /* Cool_CarsUITests */ = {
			isa = PBXGroup;
			children = (
				8008DB5C26D808DD004A3C3A /* Cool_CarsUITests.swift */,
				8008DB5E26D808DD004A3C3A /* Info.plist */,
			);
			path = Cool_CarsUITests;
			sourceTree = "<group>";
		};
		8042ED3426D95F860034FE3B /* View */ = {
			isa = PBXGroup;
			children = (
			);
			path = View;
			sourceTree = "<group>";
		};
		8042ED3526D95F8D0034FE3B /* Controller */ = {
			isa = PBXGroup;
			children = (
				8008DB3E26D808DA004A3C3A /* WelcomeVC.swift */,
				80D9844F26D960FD00859476 /* DetailVC.swift */,
			);
			path = Controller;
			sourceTree = "<group>";
		};
		8042ED3626D95F930034FE3B /* Model */ = {
			isa = PBXGroup;
			children = (
				80D9845126D96D0B00859476 /* Car.swift */,
			);
			path = Model;
			sourceTree = "<group>";
		};
/* End PBXGroup section */

/* Begin PBXNativeTarget section */
		8008DB3626D808DA004A3C3A /* Cool_Cars */ = {
			isa = PBXNativeTarget;
			buildConfigurationList = 8008DB6126D808DD004A3C3A /* Build configuration list for PBXNativeTarget "Cool_Cars" */;
			buildPhases = (
				8008DB3326D808DA004A3C3A /* Sources */,
				8008DB3426D808DA004A3C3A /* Frameworks */,
				8008DB3526D808DA004A3C3A /* Resources */,
			);
			buildRules = (
			);
			dependencies = (
			);
			name = Cool_Cars;
			productName = Cool_Cars;
			productReference = 8008DB3726D808DA004A3C3A /* Cool_Cars.app */;
			productType = "com.apple.product-type.application";
		};
		8008DB4C26D808DD004A3C3A /* Cool_CarsTests */ = {
			isa = PBXNativeTarget;
			buildConfigurationList = 8008DB6426D808DD004A3C3A /* Build configuration list for PBXNativeTarget "Cool_CarsTests" */;
			buildPhases = (
				8008DB4926D808DD004A3C3A /* Sources */,
				8008DB4A26D808DD004A3C3A /* Frameworks */,
				8008DB4B26D808DD004A3C3A /* Resources */,
			);
			buildRules = (
			);
			dependencies = (
				8008DB4F26D808DD004A3C3A /* PBXTargetDependency */,
			);
			name = Cool_CarsTests;
			productName = Cool_CarsTests;
			productReference = 8008DB4D26D808DD004A3C3A /* Cool_CarsTests.xctest */;
			productType = "com.apple.product-type.bundle.unit-test";
		};
		8008DB5726D808DD004A3C3A /* Cool_CarsUITests */ = {
			isa = PBXNativeTarget;
			buildConfigurationList = 8008DB6726D808DD004A3C3A /* Build configuration list for PBXNativeTarget "Cool_CarsUITests" */;
			buildPhases = (
				8008DB5426D808DD004A3C3A /* Sources */,
				8008DB5526D808DD004A3C3A /* Frameworks */,
				8008DB5626D808DD004A3C3A /* Resources */,
			);
			buildRules = (
			);
			dependencies = (
				8008DB5A26D808DD004A3C3A /* PBXTargetDependency */,
			);
			name = Cool_CarsUITests;
			productName = Cool_CarsUITests;
			productReference = 8008DB5826D808DD004A3C3A /* Cool_CarsUITests.xctest */;
			productType = "com.apple.product-type.bundle.ui-testing";
		};
/* End PBXNativeTarget section */

/* Begin PBXProject section */
		8008DB2F26D808DA004A3C3A /* Project object */ = {
			isa = PBXProject;
			attributes = {
				LastSwiftUpdateCheck = 1250;
				LastUpgradeCheck = 1250;
				TargetAttributes = {
					8008DB3626D808DA004A3C3A = {
						CreatedOnToolsVersion = 12.5.1;
					};
					8008DB4C26D808DD004A3C3A = {
						CreatedOnToolsVersion = 12.5.1;
						TestTargetID = 8008DB3626D808DA004A3C3A;
					};
					8008DB5726D808DD004A3C3A = {
						CreatedOnToolsVersion = 12.5.1;
						TestTargetID = 8008DB3626D808DA004A3C3A;
					};
				};
			};
			buildConfigurationList = 8008DB3226D808DA004A3C3A /* Build configuration list for PBXProject "Cool_Cars" */;
			compatibilityVersion = "Xcode 9.3";
			developmentRegion = en;
			hasScannedForEncodings = 0;
			knownRegions = (
				en,
				Base,
			);
			mainGroup = 8008DB2E26D808DA004A3C3A;
			productRefGroup = 8008DB3826D808DA004A3C3A /* Products */;
			projectDirPath = "";
			projectRoot = "";
			targets = (
				8008DB3626D808DA004A3C3A /* Cool_Cars */,
				8008DB4C26D808DD004A3C3A /* Cool_CarsTests */,
				8008DB5726D808DD004A3C3A /* Cool_CarsUITests */,
			);
		};
/* End PBXProject section */

/* Begin PBXResourcesBuildPhase section */
		8008DB3526D808DA004A3C3A /* Resources */ = {
			isa = PBXResourcesBuildPhase;
			buildActionMask = 2147483647;
			files = (
				8008DB4726D808DD004A3C3A /* LaunchScreen.storyboard in Resources */,
				8008DB4426D808DD004A3C3A /* Assets.xcassets in Resources */,
				8008DB4226D808DA004A3C3A /* Main.storyboard in Resources */,
			);
			runOnlyForDeploymentPostprocessing = 0;
		};
		8008DB4B26D808DD004A3C3A /* Resources */ = {
			isa = PBXResourcesBuildPhase;
			buildActionMask = 2147483647;
			files = (
			);
			runOnlyForDeploymentPostprocessing = 0;
		};
		8008DB5626D808DD004A3C3A /* Resources */ = {
			isa = PBXResourcesBuildPhase;
			buildActionMask = 2147483647;
			files = (
			);
			runOnlyForDeploymentPostprocessing = 0;
		};
/* End PBXResourcesBuildPhase section */

/* Begin PBXSourcesBuildPhase section */
		8008DB3326D808DA004A3C3A /* Sources */ = {
			isa = PBXSourcesBuildPhase;
			buildActionMask = 2147483647;
			files = (
				8008DB3F26D808DA004A3C3A /* WelcomeVC.swift in Sources */,
				80D9845026D960FD00859476 /* DetailVC.swift in Sources */,
				80D9845226D96D0B00859476 /* Car.swift in Sources */,
				8008DB3B26D808DA004A3C3A /* AppDelegate.swift in Sources */,
				8008DB3D26D808DA004A3C3A /* SceneDelegate.swift in Sources */,
			);
			runOnlyForDeploymentPostprocessing = 0;
		};
		8008DB4926D808DD004A3C3A /* Sources */ = {
			isa = PBXSourcesBuildPhase;
			buildActionMask = 2147483647;
			files = (
				8008DB5226D808DD004A3C3A /* Cool_CarsTests.swift in Sources */,
			);
			runOnlyForDeploymentPostprocessing = 0;
		};
		8008DB5426D808DD004A3C3A /* Sources */ = {
			isa = PBXSourcesBuildPhase;
			buildActionMask = 2147483647;
			files = (
				8008DB5D26D808DD004A3C3A /* Cool_CarsUITests.swift in Sources */,
			);
			runOnlyForDeploymentPostprocessing = 0;
		};
/* End PBXSourcesBuildPhase section */

/* Begin PBXTargetDependency section */
		8008DB4F26D808DD004A3C3A /* PBXTargetDependency */ = {
			isa = PBXTargetDependency;
			target = 8008DB3626D808DA004A3C3A /* Cool_Cars */;
			targetProxy = 8008DB4E26D808DD004A3C3A /* PBXContainerItemProxy */;
		};
		8008DB5A26D808DD004A3C3A /* PBXTargetDependency */ = {
			isa = PBXTargetDependency;
			target = 8008DB3626D808DA004A3C3A /* Cool_Cars */;
			targetProxy = 8008DB5926D808DD004A3C3A /* PBXContainerItemProxy */;
		};
/* End PBXTargetDependency section */

/* Begin PBXVariantGroup section */
		8008DB4026D808DA004A3C3A /* Main.storyboard */ = {
			isa = PBXVariantGroup;
			children = (
				8008DB4126D808DA004A3C3A /* Base */,
			);
			name = Main.storyboard;
			sourceTree = "<group>";
		};
		8008DB4526D808DD004A3C3A /* LaunchScreen.storyboard */ = {
			isa = PBXVariantGroup;
			children = (
				8008DB4626D808DD004A3C3A /* Base */,
			);
			name = LaunchScreen.storyboard;
			sourceTree = "<group>";
		};
/* End PBXVariantGroup section */

/* Begin XCBuildConfiguration section */
		8008DB5F26D808DD004A3C3A /* Debug */ = {
			isa = XCBuildConfiguration;
			buildSettings = {
				ALWAYS_SEARCH_USER_PATHS = NO;
				CLANG_ANALYZER_NONNULL = YES;
				CLANG_ANALYZER_NUMBER_OBJECT_CONVERSION = YES_AGGRESSIVE;
				CLANG_CXX_LANGUAGE_STANDARD = "gnu++14";
				CLANG_CXX_LIBRARY = "libc++";
				CLANG_ENABLE_MODULES = YES;
				CLANG_ENABLE_OBJC_ARC = YES;
				CLANG_ENABLE_OBJC_WEAK = YES;
				CLANG_WARN_BLOCK_CAPTURE_AUTORELEASING = YES;
				CLANG_WARN_BOOL_CONVERSION = YES;
				CLANG_WARN_COMMA = YES;
				CLANG_WARN_CONSTANT_CONVERSION = YES;
				CLANG_WARN_DEPRECATED_OBJC_IMPLEMENTATIONS = YES;
				CLANG_WARN_DIRECT_OBJC_ISA_USAGE = YES_ERROR;
				CLANG_WARN_DOCUMENTATION_COMMENTS = YES;
				CLANG_WARN_EMPTY_BODY = YES;
				CLANG_WARN_ENUM_CONVERSION = YES;
				CLANG_WARN_INFINITE_RECURSION = YES;
				CLANG_WARN_INT_CONVERSION = YES;
				CLANG_WARN_NON_LITERAL_NULL_CONVERSION = YES;
				CLANG_WARN_OBJC_IMPLICIT_RETAIN_SELF = YES;
				CLANG_WARN_OBJC_LITERAL_CONVERSION = YES;
				CLANG_WARN_OBJC_ROOT_CLASS = YES_ERROR;
				CLANG_WARN_QUOTED_INCLUDE_IN_FRAMEWORK_HEADER = YES;
				CLANG_WARN_RANGE_LOOP_ANALYSIS = YES;
				CLANG_WARN_STRICT_PROTOTYPES = YES;
				CLANG_WARN_SUSPICIOUS_MOVE = YES;
				CLANG_WARN_UNGUARDED_AVAILABILITY = YES_AGGRESSIVE;
				CLANG_WARN_UNREACHABLE_CODE = YES;
				CLANG_WARN__DUPLICATE_METHOD_MATCH = YES;
				COPY_PHASE_STRIP = NO;
				DEBUG_INFORMATION_FORMAT = dwarf;
				ENABLE_STRICT_OBJC_MSGSEND = YES;
				ENABLE_TESTABILITY = YES;
				GCC_C_LANGUAGE_STANDARD = gnu11;
				GCC_DYNAMIC_NO_PIC = NO;
				GCC_NO_COMMON_BLOCKS = YES;
				GCC_OPTIMIZATION_LEVEL = 0;
				GCC_PREPROCESSOR_DEFINITIONS = (
					"DEBUG=1",
					"$(inherited)",
				);
				GCC_WARN_64_TO_32_BIT_CONVERSION = YES;
				GCC_WARN_ABOUT_RETURN_TYPE = YES_ERROR;
				GCC_WARN_UNDECLARED_SELECTOR = YES;
				GCC_WARN_UNINITIALIZED_AUTOS = YES_AGGRESSIVE;
				GCC_WARN_UNUSED_FUNCTION = YES;
				GCC_WARN_UNUSED_VARIABLE = YES;
				IPHONEOS_DEPLOYMENT_TARGET = 14.5;
				MTL_ENABLE_DEBUG_INFO = INCLUDE_SOURCE;
				MTL_FAST_MATH = YES;
				ONLY_ACTIVE_ARCH = YES;
				SDKROOT = iphoneos;
				SWIFT_ACTIVE_COMPILATION_CONDITIONS = DEBUG;
				SWIFT_OPTIMIZATION_LEVEL = "-Onone";
			};
			name = Debug;
		};
		8008DB6026D808DD004A3C3A /* Release */ = {
			isa = XCBuildConfiguration;
			buildSettings = {
				ALWAYS_SEARCH_USER_PATHS = NO;
				CLANG_ANALYZER_NONNULL = YES;
				CLANG_ANALYZER_NUMBER_OBJECT_CONVERSION = YES_AGGRESSIVE;
				CLANG_CXX_LANGUAGE_STANDARD = "gnu++14";
				CLANG_CXX_LIBRARY = "libc++";
				CLANG_ENABLE_MODULES = YES;
				CLANG_ENABLE_OBJC_ARC = YES;
				CLANG_ENABLE_OBJC_WEAK = YES;
				CLANG_WARN_BLOCK_CAPTURE_AUTORELEASING = YES;
				CLANG_WARN_BOOL_CONVERSION = YES;
				CLANG_WARN_COMMA = YES;
				CLANG_WARN_CONSTANT_CONVERSION = YES;
				CLANG_WARN_DEPRECATED_OBJC_IMPLEMENTATIONS = YES;
				CLANG_WARN_DIRECT_OBJC_ISA_USAGE = YES_ERROR;
				CLANG_WARN_DOCUMENTATION_COMMENTS = YES;
				CLANG_WARN_EMPTY_BODY = YES;
				CLANG_WARN_ENUM_CONVERSION = YES;
				CLANG_WARN_INFINITE_RECURSION = YES;
				CLANG_WARN_INT_CONVERSION = YES;
				CLANG_WARN_NON_LITERAL_NULL_CONVERSION = YES;
				CLANG_WARN_OBJC_IMPLICIT_RETAIN_SELF = YES;
				CLANG_WARN_OBJC_LITERAL_CONVERSION = YES;
				CLANG_WARN_OBJC_ROOT_CLASS = YES_ERROR;
				CLANG_WARN_QUOTED_INCLUDE_IN_FRAMEWORK_HEADER = YES;
				CLANG_WARN_RANGE_LOOP_ANALYSIS = YES;
				CLANG_WARN_STRICT_PROTOTYPES = YES;
				CLANG_WARN_SUSPICIOUS_MOVE = YES;
				CLANG_WARN_UNGUARDED_AVAILABILITY = YES_AGGRESSIVE;
				CLANG_WARN_UNREACHABLE_CODE = YES;
				CLANG_WARN__DUPLICATE_METHOD_MATCH = YES;
				COPY_PHASE_STRIP = NO;
				DEBUG_INFORMATION_FORMAT = "dwarf-with-dsym";
				ENABLE_NS_ASSERTIONS = NO;
				ENABLE_STRICT_OBJC_MSGSEND = YES;
				GCC_C_LANGUAGE_STANDARD = gnu11;
				GCC_NO_COMMON_BLOCKS = YES;
				GCC_WARN_64_TO_32_BIT_CONVERSION = YES;
				GCC_WARN_ABOUT_RETURN_TYPE = YES_ERROR;
				GCC_WARN_UNDECLARED_SELECTOR = YES;
				GCC_WARN_UNINITIALIZED_AUTOS = YES_AGGRESSIVE;
				GCC_WARN_UNUSED_FUNCTION = YES;
				GCC_WARN_UNUSED_VARIABLE = YES;
				IPHONEOS_DEPLOYMENT_TARGET = 14.5;
				MTL_ENABLE_DEBUG_INFO = NO;
				MTL_FAST_MATH = YES;
				SDKROOT = iphoneos;
				SWIFT_COMPILATION_MODE = wholemodule;
				SWIFT_OPTIMIZATION_LEVEL = "-O";
				VALIDATE_PRODUCT = YES;
			};
			name = Release;
		};
		8008DB6226D808DD004A3C3A /* Debug */ = {
			isa = XCBuildConfiguration;
			buildSettings = {
				ASSETCATALOG_COMPILER_APPICON_NAME = AppIcon;
				ASSETCATALOG_COMPILER_GLOBAL_ACCENT_COLOR_NAME = AccentColor;
				CODE_SIGN_STYLE = Automatic;
				DEVELOPMENT_TEAM = PG2WAQBK7X;
				INFOPLIST_FILE = Cool_Cars/Info.plist;
				LD_RUNPATH_SEARCH_PATHS = (
					"$(inherited)",
					"@executable_path/Frameworks",
				);
				PRODUCT_BUNDLE_IDENTIFIER = "cardoso.Cool-Cars";
				PRODUCT_NAME = "$(TARGET_NAME)";
				SWIFT_VERSION = 5.0;
				TARGETED_DEVICE_FAMILY = "1,2";
			};
			name = Debug;
		};
		8008DB6326D808DD004A3C3A /* Release */ = {
			isa = XCBuildConfiguration;
			buildSettings = {
				ASSETCATALOG_COMPILER_APPICON_NAME = AppIcon;
				ASSETCATALOG_COMPILER_GLOBAL_ACCENT_COLOR_NAME = AccentColor;
				CODE_SIGN_STYLE = Automatic;
				DEVELOPMENT_TEAM = PG2WAQBK7X;
				INFOPLIST_FILE = Cool_Cars/Info.plist;
				LD_RUNPATH_SEARCH_PATHS = (
					"$(inherited)",
					"@executable_path/Frameworks",
				);
				PRODUCT_BUNDLE_IDENTIFIER = "cardoso.Cool-Cars";
				PRODUCT_NAME = "$(TARGET_NAME)";
				SWIFT_VERSION = 5.0;
				TARGETED_DEVICE_FAMILY = "1,2";
			};
			name = Release;
		};
		8008DB6526D808DD004A3C3A /* Debug */ = {
			isa = XCBuildConfiguration;
			buildSettings = {
				ALWAYS_EMBED_SWIFT_STANDARD_LIBRARIES = YES;
				BUNDLE_LOADER = "$(TEST_HOST)";
				CODE_SIGN_STYLE = Automatic;
				DEVELOPMENT_TEAM = PG2WAQBK7X;
				INFOPLIST_FILE = Cool_CarsTests/Info.plist;
				IPHONEOS_DEPLOYMENT_TARGET = 14.5;
				LD_RUNPATH_SEARCH_PATHS = (
					"$(inherited)",
					"@executable_path/Frameworks",
					"@loader_path/Frameworks",
				);
				PRODUCT_BUNDLE_IDENTIFIER = "cardoso.Cool-CarsTests";
				PRODUCT_NAME = "$(TARGET_NAME)";
				SWIFT_VERSION = 5.0;
				TARGETED_DEVICE_FAMILY = "1,2";
				TEST_HOST = "$(BUILT_PRODUCTS_DIR)/Cool_Cars.app/Cool_Cars";
			};
			name = Debug;
		};
		8008DB6626D808DD004A3C3A /* Release */ = {
			isa = XCBuildConfiguration;
			buildSettings = {
				ALWAYS_EMBED_SWIFT_STANDARD_LIBRARIES = YES;
				BUNDLE_LOADER = "$(TEST_HOST)";
				CODE_SIGN_STYLE = Automatic;
				DEVELOPMENT_TEAM = PG2WAQBK7X;
				INFOPLIST_FILE = Cool_CarsTests/Info.plist;
				IPHONEOS_DEPLOYMENT_TARGET = 14.5;
				LD_RUNPATH_SEARCH_PATHS = (
					"$(inherited)",
					"@executable_path/Frameworks",
					"@loader_path/Frameworks",
				);
				PRODUCT_BUNDLE_IDENTIFIER = "cardoso.Cool-CarsTests";
				PRODUCT_NAME = "$(TARGET_NAME)";
				SWIFT_VERSION = 5.0;
				TARGETED_DEVICE_FAMILY = "1,2";
				TEST_HOST = "$(BUILT_PRODUCTS_DIR)/Cool_Cars.app/Cool_Cars";
			};
			name = Release;
		};
		8008DB6826D808DD004A3C3A /* Debug */ = {
			isa = XCBuildConfiguration;
			buildSettings = {
				ALWAYS_EMBED_SWIFT_STANDARD_LIBRARIES = YES;
				CODE_SIGN_STYLE = Automatic;
				DEVELOPMENT_TEAM = PG2WAQBK7X;
				INFOPLIST_FILE = Cool_CarsUITests/Info.plist;
				LD_RUNPATH_SEARCH_PATHS = (
					"$(inherited)",
					"@executable_path/Frameworks",
					"@loader_path/Frameworks",
				);
				PRODUCT_BUNDLE_IDENTIFIER = "cardoso.Cool-CarsUITests";
				PRODUCT_NAME = "$(TARGET_NAME)";
				SWIFT_VERSION = 5.0;
				TARGETED_DEVICE_FAMILY = "1,2";
				TEST_TARGET_NAME = Cool_Cars;
			};
			name = Debug;
		};
		8008DB6926D808DD004A3C3A /* Release */ = {
			isa = XCBuildConfiguration;
			buildSettings = {
				ALWAYS_EMBED_SWIFT_STANDARD_LIBRARIES = YES;
				CODE_SIGN_STYLE = Automatic;
				DEVELOPMENT_TEAM = PG2WAQBK7X;
				INFOPLIST_FILE = Cool_CarsUITests/Info.plist;
				LD_RUNPATH_SEARCH_PATHS = (
					"$(inherited)",
					"@executable_path/Frameworks",
					"@loader_path/Frameworks",
				);
				PRODUCT_BUNDLE_IDENTIFIER = "cardoso.Cool-CarsUITests";
				PRODUCT_NAME = "$(TARGET_NAME)";
				SWIFT_VERSION = 5.0;
				TARGETED_DEVICE_FAMILY = "1,2";
				TEST_TARGET_NAME = Cool_Cars;
			};
			name = Release;
		};
/* End XCBuildConfiguration section */

/* Begin XCConfigurationList section */
		8008DB3226D808DA004A3C3A /* Build configuration list for PBXProject "Cool_Cars" */ = {
			isa = XCConfigurationList;
			buildConfigurations = (
				8008DB5F26D808DD004A3C3A /* Debug */,
				8008DB6026D808DD004A3C3A /* Release */,
			);
			defaultConfigurationIsVisible = 0;
			defaultConfigurationName = Release;
		};
		8008DB6126D808DD004A3C3A /* Build configuration list for PBXNativeTarget "Cool_Cars" */ = {
			isa = XCConfigurationList;
			buildConfigurations = (
				8008DB6226D808DD004A3C3A /* Debug */,
				8008DB6326D808DD004A3C3A /* Release */,
			);
			defaultConfigurationIsVisible = 0;
			defaultConfigurationName = Release;
		};
		8008DB6426D808DD004A3C3A /* Build configuration list for PBXNativeTarget "Cool_CarsTests" */ = {
			isa = XCConfigurationList;
			buildConfigurations = (
				8008DB6526D808DD004A3C3A /* Debug */,
				8008DB6626D808DD004A3C3A /* Release */,
			);
			defaultConfigurationIsVisible = 0;
			defaultConfigurationName = Release;
		};
		8008DB6726D808DD004A3C3A /* Build configuration list for PBXNativeTarget "Cool_CarsUITests" */ = {
			isa = XCConfigurationList;
			buildConfigurations = (
				8008DB6826D808DD004A3C3A /* Debug */,
				8008DB6926D808DD004A3C3A /* Release */,
			);
			defaultConfigurationIsVisible = 0;
			defaultConfigurationName = Release;
		};
/* End XCConfigurationList section */
	};
	rootObject = 8008DB2F26D808DA004A3C3A /* Project object */;
}
